
Microsoft Visual Studio Solution File, Format Version 12.00
# Visual Studio Version 16
VisualStudioVersion = 16.0.30001.183
MinimumVisualStudioVersion = 10.0.40219.1
Project("{FAE04EC0-301F-11D3-BF4B-00C04F79EFBC}") = "RmBlazorServerApp", "RmBlazorServerApp\RmBlazorServerApp.csproj", "{A317D5AB-8586-43A7-A0DE-56CF1070C4DA}"
EndProject
Project("{FAE04EC0-301F-11D3-BF4B-00C04F79EFBC}") = "RmBlazorWASMApp", "RmBlazorWASMApp\RmBlazorWASMApp.csproj", "{D37FCF9E-6D10-4686-BD37-4C7C40647A04}"
EndProject
Global
	GlobalSection(SolutionConfigurationPlatforms) = preSolution
		Debug|Any CPU = Debug|Any CPU
		Release|Any CPU = Release|Any CPU
	EndGlobalSection
	GlobalSection(ProjectConfigurationPlatforms) = postSolution
		{A317D5AB-8586-43A7-A0DE-56CF1070C4DA}.Debug|Any CPU.ActiveCfg = Debug|Any CPU
		{A317D5AB-8586-43A7-A0DE-56CF1070C4DA}.Debug|Any CPU.Build.0 = Debug|Any CPU
		{A317D5AB-8586-43A7-A0DE-56CF1070C4DA}.Release|Any CPU.ActiveCfg = Release|Any CPU
		{A317D5AB-8586-43A7-A0DE-56CF1070C4DA}.Release|Any CPU.Build.0 = Release|Any CPU
		{D37FCF9E-6D10-4686-BD37-4C7C40647A04}.Debug|Any CPU.ActiveCfg = Debug|Any CPU
		{D37FCF9E-6D10-4686-BD37-4C7C40647A04}.Debug|Any CPU.Build.0 = Debug|Any CPU
		{D37FCF9E-6D10-4686-BD37-4C7C40647A04}.Release|Any CPU.ActiveCfg = Release|Any CPU
		{D37FCF9E-6D10-4686-BD37-4C7C40647A04}.Release|Any CPU.Build.0 = Release|Any CPU
	EndGlobalSection
	GlobalSection(SolutionProperties) = preSolution
		HideSolutionNode = FALSE
	EndGlobalSection
	GlobalSection(ExtensibilityGlobals) = postSolution
		SolutionGuid = {5C17102A-B161-43D1-A22D-9C9695ABD808}
	EndGlobalSection
EndGlobal
