
Microsoft Visual Studio Solution File, Format Version 12.00
# Visual Studio Version 16
VisualStudioVersion = 16.0.30001.183
MinimumVisualStudioVersion = 10.0.40219.1
Project("{FAE04EC0-301F-11D3-BF4B-00C04F79EFBC}") = "RmBlazorApp.Server", "RmBlazorApp\Server\RmBlazorApp.Server.csproj", "{06ECC6B1-C259-4DE6-8736-EB2E54108A1F}"
EndProject
Project("{FAE04EC0-301F-11D3-BF4B-00C04F79EFBC}") = "RmBlazorApp.Client", "RmBlazorApp\Client\RmBlazorApp.Client.csproj", "{87814496-AEB3-4FFC-8D01-B8A4A135C70B}"
EndProject
Project("{FAE04EC0-301F-11D3-BF4B-00C04F79EFBC}") = "RmBlazorApp.Shared", "RmBlazorApp\Shared\RmBlazorApp.Shared.csproj", "{C528EDE8-2E97-40FE-A76D-477B94A7AE2C}"
EndProject
Global
	GlobalSection(SolutionConfigurationPlatforms) = preSolution
		Debug|Any CPU = Debug|Any CPU
		Release|Any CPU = Release|Any CPU
	EndGlobalSection
	GlobalSection(ProjectConfigurationPlatforms) = postSolution
		{06ECC6B1-C259-4DE6-8736-EB2E54108A1F}.Debug|Any CPU.ActiveCfg = Debug|Any CPU
		{06ECC6B1-C259-4DE6-8736-EB2E54108A1F}.Debug|Any CPU.Build.0 = Debug|Any CPU
		{06ECC6B1-C259-4DE6-8736-EB2E54108A1F}.Release|Any CPU.ActiveCfg = Release|Any CPU
		{06ECC6B1-C259-4DE6-8736-EB2E54108A1F}.Release|Any CPU.Build.0 = Release|Any CPU
		{87814496-AEB3-4FFC-8D01-B8A4A135C70B}.Debug|Any CPU.ActiveCfg = Debug|Any CPU
		{87814496-AEB3-4FFC-8D01-B8A4A135C70B}.Debug|Any CPU.Build.0 = Debug|Any CPU
		{87814496-AEB3-4FFC-8D01-B8A4A135C70B}.Release|Any CPU.ActiveCfg = Release|Any CPU
		{87814496-AEB3-4FFC-8D01-B8A4A135C70B}.Release|Any CPU.Build.0 = Release|Any CPU
		{C528EDE8-2E97-40FE-A76D-477B94A7AE2C}.Debug|Any CPU.ActiveCfg = Debug|Any CPU
		{C528EDE8-2E97-40FE-A76D-477B94A7AE2C}.Debug|Any CPU.Build.0 = Debug|Any CPU
		{C528EDE8-2E97-40FE-A76D-477B94A7AE2C}.Release|Any CPU.ActiveCfg = Release|Any CPU
		{C528EDE8-2E97-40FE-A76D-477B94A7AE2C}.Release|Any CPU.Build.0 = Release|Any CPU
	EndGlobalSection
	GlobalSection(SolutionProperties) = preSolution
		HideSolutionNode = FALSE
	EndGlobalSection
	GlobalSection(ExtensibilityGlobals) = postSolution
		SolutionGuid = {5C17102A-B161-43D1-A22D-9C9695ABD808}
	EndGlobalSection
EndGlobal
